// !$*UTF8*$!
{
	archiveVersion = 1;
	classes = {
	};
	objectVersion = 46;
	objects = {

/* Begin PBXBuildFile section */
		8576A61E198FA4BA007D9E83 /* AppDelegate.swift in Sources */ = {isa = PBXBuildFile; fileRef = 8576A61D198FA4BA007D9E83 /* AppDelegate.swift */; };
		8576A620198FA4BA007D9E83 /* ViewController.swift in Sources */ = {isa = PBXBuildFile; fileRef = 8576A61F198FA4BA007D9E83 /* ViewController.swift */; };
		8576A623198FA4BA007D9E83 /* Main.storyboard in Resources */ = {isa = PBXBuildFile; fileRef = 8576A621198FA4BA007D9E83 /* Main.storyboard */; };
		8576A625198FA4BA007D9E83 /* Images.xcassets in Resources */ = {isa = PBXBuildFile; fileRef = 8576A624198FA4BA007D9E83 /* Images.xcassets */; };
		8576A631198FA4BA007D9E83 /* tokyo_last_train_iosTests.swift in Sources */ = {isa = PBXBuildFile; fileRef = 8576A630198FA4BA007D9E83 /* tokyo_last_train_iosTests.swift */; };
/* End PBXBuildFile section */

/* Begin PBXContainerItemProxy section */
		8576A62B198FA4BA007D9E83 /* PBXContainerItemProxy */ = {
			isa = PBXContainerItemProxy;
			containerPortal = 8576A610198FA4BA007D9E83 /* Project object */;
			proxyType = 1;
			remoteGlobalIDString = 8576A617198FA4BA007D9E83;
			remoteInfo = "tokyo-last-train-ios";
		};
/* End PBXContainerItemProxy section */

/* Begin PBXFileReference section */
		8576A618198FA4BA007D9E83 /* tokyo-last-train-ios.app */ = {isa = PBXFileReference; explicitFileType = wrapper.application; includeInIndex = 0; path = "tokyo-last-train-ios.app"; sourceTree = BUILT_PRODUCTS_DIR; };
		8576A61C198FA4BA007D9E83 /* Info.plist */ = {isa = PBXFileReference; lastKnownFileType = text.plist.xml; path = Info.plist; sourceTree = "<group>"; };
		8576A61D198FA4BA007D9E83 /* AppDelegate.swift */ = {isa = PBXFileReference; lastKnownFileType = sourcecode.swift; path = AppDelegate.swift; sourceTree = "<group>"; };
		8576A61F198FA4BA007D9E83 /* ViewController.swift */ = {isa = PBXFileReference; lastKnownFileType = sourcecode.swift; path = ViewController.swift; sourceTree = "<group>"; };
		8576A622198FA4BA007D9E83 /* Base */ = {isa = PBXFileReference; lastKnownFileType = file.storyboard; name = Base; path = Base.lproj/Main.storyboard; sourceTree = "<group>"; };
		8576A624198FA4BA007D9E83 /* Images.xcassets */ = {isa = PBXFileReference; lastKnownFileType = folder.assetcatalog; path = Images.xcassets; sourceTree = "<group>"; };
		8576A62A198FA4BA007D9E83 /* tokyo-last-train-iosTests.xctest */ = {isa = PBXFileReference; explicitFileType = wrapper.cfbundle; includeInIndex = 0; path = "tokyo-last-train-iosTests.xctest"; sourceTree = BUILT_PRODUCTS_DIR; };
		8576A62F198FA4BA007D9E83 /* Info.plist */ = {isa = PBXFileReference; lastKnownFileType = text.plist.xml; path = Info.plist; sourceTree = "<group>"; };
		8576A630198FA4BA007D9E83 /* tokyo_last_train_iosTests.swift */ = {isa = PBXFileReference; lastKnownFileType = sourcecode.swift; path = tokyo_last_train_iosTests.swift; sourceTree = "<group>"; };
/* End PBXFileReference section */

/* Begin PBXFrameworksBuildPhase section */
		8576A615198FA4BA007D9E83 /* Frameworks */ = {
			isa = PBXFrameworksBuildPhase;
			buildActionMask = 2147483647;
			files = (
			);
			runOnlyForDeploymentPostprocessing = 0;
		};
		8576A627198FA4BA007D9E83 /* Frameworks */ = {
			isa = PBXFrameworksBuildPhase;
			buildActionMask = 2147483647;
			files = (
			);
			runOnlyForDeploymentPostprocessing = 0;
		};
/* End PBXFrameworksBuildPhase section */

/* Begin PBXGroup section */
		8576A60F198FA4BA007D9E83 = {
			isa = PBXGroup;
			children = (
				8576A61A198FA4BA007D9E83 /* tokyo-last-train-ios */,
				8576A62D198FA4BA007D9E83 /* tokyo-last-train-iosTests */,
				8576A619198FA4BA007D9E83 /* Products */,
			);
			sourceTree = "<group>";
		};
		8576A619198FA4BA007D9E83 /* Products */ = {
			isa = PBXGroup;
			children = (
				8576A618198FA4BA007D9E83 /* tokyo-last-train-ios.app */,
				8576A62A198FA4BA007D9E83 /* tokyo-last-train-iosTests.xctest */,
			);
			name = Products;
			sourceTree = "<group>";
		};
		8576A61A198FA4BA007D9E83 /* tokyo-last-train-ios */ = {
			isa = PBXGroup;
			children = (
				8576A61D198FA4BA007D9E83 /* AppDelegate.swift */,
				8576A61F198FA4BA007D9E83 /* ViewController.swift */,
				8576A621198FA4BA007D9E83 /* Main.storyboard */,
				8576A624198FA4BA007D9E83 /* Images.xcassets */,
				8576A61B198FA4BA007D9E83 /* Supporting Files */,
			);
			path = "tokyo-last-train-ios";
			sourceTree = "<group>";
		};
		8576A61B198FA4BA007D9E83 /* Supporting Files */ = {
			isa = PBXGroup;
			children = (
				8576A61C198FA4BA007D9E83 /* Info.plist */,
			);
			name = "Supporting Files";
			sourceTree = "<group>";
		};
		8576A62D198FA4BA007D9E83 /* tokyo-last-train-iosTests */ = {
			isa = PBXGroup;
			children = (
				8576A630198FA4BA007D9E83 /* tokyo_last_train_iosTests.swift */,
				8576A62E198FA4BA007D9E83 /* Supporting Files */,
			);
			path = "tokyo-last-train-iosTests";
			sourceTree = "<group>";
		};
		8576A62E198FA4BA007D9E83 /* Supporting Files */ = {
			isa = PBXGroup;
			children = (
				8576A62F198FA4BA007D9E83 /* Info.plist */,
			);
			name = "Supporting Files";
			sourceTree = "<group>";
		};
/* End PBXGroup section */

/* Begin PBXNativeTarget section */
		8576A617198FA4BA007D9E83 /* tokyo-last-train-ios */ = {
			isa = PBXNativeTarget;
			buildConfigurationList = 8576A634198FA4BA007D9E83 /* Build configuration list for PBXNativeTarget "tokyo-last-train-ios" */;
			buildPhases = (
				8576A614198FA4BA007D9E83 /* Sources */,
				8576A615198FA4BA007D9E83 /* Frameworks */,
				8576A616198FA4BA007D9E83 /* Resources */,
			);
			buildRules = (
			);
			dependencies = (
			);
			name = "tokyo-last-train-ios";
			productName = "tokyo-last-train-ios";
			productReference = 8576A618198FA4BA007D9E83 /* tokyo-last-train-ios.app */;
			productType = "com.apple.product-type.application";
		};
		8576A629198FA4BA007D9E83 /* tokyo-last-train-iosTests */ = {
			isa = PBXNativeTarget;
			buildConfigurationList = 8576A637198FA4BA007D9E83 /* Build configuration list for PBXNativeTarget "tokyo-last-train-iosTests" */;
			buildPhases = (
				8576A626198FA4BA007D9E83 /* Sources */,
				8576A627198FA4BA007D9E83 /* Frameworks */,
				8576A628198FA4BA007D9E83 /* Resources */,
			);
			buildRules = (
			);
			dependencies = (
				8576A62C198FA4BA007D9E83 /* PBXTargetDependency */,
			);
			name = "tokyo-last-train-iosTests";
			productName = "tokyo-last-train-iosTests";
			productReference = 8576A62A198FA4BA007D9E83 /* tokyo-last-train-iosTests.xctest */;
			productType = "com.apple.product-type.bundle.unit-test";
		};
/* End PBXNativeTarget section */

/* Begin PBXProject section */
		8576A610198FA4BA007D9E83 /* Project object */ = {
			isa = PBXProject;
			attributes = {
				LastUpgradeCheck = 0600;
				ORGANIZATIONNAME = "Hugo Almeida";
				TargetAttributes = {
					8576A617198FA4BA007D9E83 = {
						CreatedOnToolsVersion = 6.0;
					};
					8576A629198FA4BA007D9E83 = {
						CreatedOnToolsVersion = 6.0;
						TestTargetID = 8576A617198FA4BA007D9E83;
					};
				};
			};
			buildConfigurationList = 8576A613198FA4BA007D9E83 /* Build configuration list for PBXProject "tokyo-last-train-ios" */;
			compatibilityVersion = "Xcode 3.2";
			developmentRegion = English;
			hasScannedForEncodings = 0;
			knownRegions = (
				en,
				Base,
			);
			mainGroup = 8576A60F198FA4BA007D9E83;
			productRefGroup = 8576A619198FA4BA007D9E83 /* Products */;
			projectDirPath = "";
			projectRoot = "";
			targets = (
				8576A617198FA4BA007D9E83 /* tokyo-last-train-ios */,
				8576A629198FA4BA007D9E83 /* tokyo-last-train-iosTests */,
			);
		};
/* End PBXProject section */

/* Begin PBXResourcesBuildPhase section */
		8576A616198FA4BA007D9E83 /* Resources */ = {
			isa = PBXResourcesBuildPhase;
			buildActionMask = 2147483647;
			files = (
				8576A623198FA4BA007D9E83 /* Main.storyboard in Resources */,
				8576A625198FA4BA007D9E83 /* Images.xcassets in Resources */,
			);
			runOnlyForDeploymentPostprocessing = 0;
		};
		8576A628198FA4BA007D9E83 /* Resources */ = {
			isa = PBXResourcesBuildPhase;
			buildActionMask = 2147483647;
			files = (
			);
			runOnlyForDeploymentPostprocessing = 0;
		};
/* End PBXResourcesBuildPhase section */

/* Begin PBXSourcesBuildPhase section */
		8576A614198FA4BA007D9E83 /* Sources */ = {
			isa = PBXSourcesBuildPhase;
			buildActionMask = 2147483647;
			files = (
				8576A620198FA4BA007D9E83 /* ViewController.swift in Sources */,
				8576A61E198FA4BA007D9E83 /* AppDelegate.swift in Sources */,
			);
			runOnlyForDeploymentPostprocessing = 0;
		};
		8576A626198FA4BA007D9E83 /* Sources */ = {
			isa = PBXSourcesBuildPhase;
			buildActionMask = 2147483647;
			files = (
				8576A631198FA4BA007D9E83 /* tokyo_last_train_iosTests.swift in Sources */,
			);
			runOnlyForDeploymentPostprocessing = 0;
		};
/* End PBXSourcesBuildPhase section */

/* Begin PBXTargetDependency section */
		8576A62C198FA4BA007D9E83 /* PBXTargetDependency */ = {
			isa = PBXTargetDependency;
			target = 8576A617198FA4BA007D9E83 /* tokyo-last-train-ios */;
			targetProxy = 8576A62B198FA4BA007D9E83 /* PBXContainerItemProxy */;
		};
/* End PBXTargetDependency section */

/* Begin PBXVariantGroup section */
		8576A621198FA4BA007D9E83 /* Main.storyboard */ = {
			isa = PBXVariantGroup;
			children = (
				8576A622198FA4BA007D9E83 /* Base */,
			);
			name = Main.storyboard;
			sourceTree = "<group>";
		};
/* End PBXVariantGroup section */

/* Begin XCBuildConfiguration section */
		8576A632198FA4BA007D9E83 /* Debug */ = {
			isa = XCBuildConfiguration;
			buildSettings = {
				ALWAYS_SEARCH_USER_PATHS = NO;
				CLANG_CXX_LANGUAGE_STANDARD = "gnu++0x";
				CLANG_CXX_LIBRARY = "libc++";
				CLANG_ENABLE_MODULES = YES;
				CLANG_ENABLE_OBJC_ARC = YES;
				CLANG_WARN_BOOL_CONVERSION = YES;
				CLANG_WARN_CONSTANT_CONVERSION = YES;
				CLANG_WARN_DIRECT_OBJC_ISA_USAGE = YES_ERROR;
				CLANG_WARN_EMPTY_BODY = YES;
				CLANG_WARN_ENUM_CONVERSION = YES;
				CLANG_WARN_INT_CONVERSION = YES;
				CLANG_WARN_OBJC_ROOT_CLASS = YES_ERROR;
				CLANG_WARN_UNREACHABLE_CODE = YES;
				CLANG_WARN__DUPLICATE_METHOD_MATCH = YES;
				"CODE_SIGN_IDENTITY[sdk=iphoneos*]" = "iPhone Developer";
				COPY_PHASE_STRIP = NO;
				ENABLE_STRICT_OBJC_MSGSEND = YES;
				GCC_C_LANGUAGE_STANDARD = gnu99;
				GCC_DYNAMIC_NO_PIC = NO;
				GCC_OPTIMIZATION_LEVEL = 0;
				GCC_PREPROCESSOR_DEFINITIONS = (
					"DEBUG=1",
					"$(inherited)",
				);
				GCC_SYMBOLS_PRIVATE_EXTERN = NO;
				GCC_WARN_64_TO_32_BIT_CONVERSION = YES;
				GCC_WARN_ABOUT_RETURN_TYPE = YES_ERROR;
				GCC_WARN_UNDECLARED_SELECTOR = YES;
				GCC_WARN_UNINITIALIZED_AUTOS = YES_AGGRESSIVE;
				GCC_WARN_UNUSED_FUNCTION = YES;
				GCC_WARN_UNUSED_VARIABLE = YES;
				IPHONEOS_DEPLOYMENT_TARGET = 8.0;
				MTL_ENABLE_DEBUG_INFO = YES;
				ONLY_ACTIVE_ARCH = YES;
				SDKROOT = iphoneos;
				SWIFT_OPTIMIZATION_LEVEL = "-Onone";
				TARGETED_DEVICE_FAMILY = "1,2";
			};
			name = Debug;
		};
		8576A633198FA4BA007D9E83 /* Release */ = {
			isa = XCBuildConfiguration;
			buildSettings = {
				ALWAYS_SEARCH_USER_PATHS = NO;
				CLANG_CXX_LANGUAGE_STANDARD = "gnu++0x";
				CLANG_CXX_LIBRARY = "libc++";
				CLANG_ENABLE_MODULES = YES;
				CLANG_ENABLE_OBJC_ARC = YES;
				CLANG_WARN_BOOL_CONVERSION = YES;
				CLANG_WARN_CONSTANT_CONVERSION = YES;
				CLANG_WARN_DIRECT_OBJC_ISA_USAGE = YES_ERROR;
				CLANG_WARN_EMPTY_BODY = YES;
				CLANG_WARN_ENUM_CONVERSION = YES;
				CLANG_WARN_INT_CONVERSION = YES;
				CLANG_WARN_OBJC_ROOT_CLASS = YES_ERROR;
				CLANG_WARN_UNREACHABLE_CODE = YES;
				CLANG_WARN__DUPLICATE_METHOD_MATCH = YES;
				"CODE_SIGN_IDENTITY[sdk=iphoneos*]" = "iPhone Developer";
				COPY_PHASE_STRIP = YES;
				ENABLE_NS_ASSERTIONS = NO;
				ENABLE_STRICT_OBJC_MSGSEND = YES;
				GCC_C_LANGUAGE_STANDARD = gnu99;
				GCC_WARN_64_TO_32_BIT_CONVERSION = YES;
				GCC_WARN_ABOUT_RETURN_TYPE = YES_ERROR;
				GCC_WARN_UNDECLARED_SELECTOR = YES;
				GCC_WARN_UNINITIALIZED_AUTOS = YES_AGGRESSIVE;
				GCC_WARN_UNUSED_FUNCTION = YES;
				GCC_WARN_UNUSED_VARIABLE = YES;
				IPHONEOS_DEPLOYMENT_TARGET = 8.0;
				MTL_ENABLE_DEBUG_INFO = NO;
				SDKROOT = iphoneos;
				TARGETED_DEVICE_FAMILY = "1,2";
				VALIDATE_PRODUCT = YES;
			};
			name = Release;
		};
		8576A635198FA4BA007D9E83 /* Debug */ = {
			isa = XCBuildConfiguration;
			buildSettings = {
				ASSETCATALOG_COMPILER_APPICON_NAME = AppIcon;
				ASSETCATALOG_COMPILER_LAUNCHIMAGE_NAME = LaunchImage;
				INFOPLIST_FILE = "tokyo-last-train-ios/Info.plist";
				LD_RUNPATH_SEARCH_PATHS = "$(inherited) @executable_path/Frameworks";
				PRODUCT_NAME = "$(TARGET_NAME)";
			};
			name = Debug;
		};
		8576A636198FA4BA007D9E83 /* Release */ = {
			isa = XCBuildConfiguration;
			buildSettings = {
				ASSETCATALOG_COMPILER_APPICON_NAME = AppIcon;
				ASSETCATALOG_COMPILER_LAUNCHIMAGE_NAME = LaunchImage;
				INFOPLIST_FILE = "tokyo-last-train-ios/Info.plist";
				LD_RUNPATH_SEARCH_PATHS = "$(inherited) @executable_path/Frameworks";
				PRODUCT_NAME = "$(TARGET_NAME)";
			};
			name = Release;
		};
		8576A638198FA4BA007D9E83 /* Debug */ = {
			isa = XCBuildConfiguration;
			buildSettings = {
				BUNDLE_LOADER = "$(BUILT_PRODUCTS_DIR)/tokyo-last-train-ios.app/tokyo-last-train-ios";
				FRAMEWORK_SEARCH_PATHS = (
					"$(SDKROOT)/Developer/Library/Frameworks",
					"$(inherited)",
				);
				GCC_PREPROCESSOR_DEFINITIONS = (
					"DEBUG=1",
					"$(inherited)",
				);
				INFOPLIST_FILE = "tokyo-last-train-iosTests/Info.plist";
				LD_RUNPATH_SEARCH_PATHS = "$(inherited) @executable_path/Frameworks @loader_path/Frameworks";
				PRODUCT_NAME = "$(TARGET_NAME)";
				TEST_HOST = "$(BUNDLE_LOADER)";
			};
			name = Debug;
		};
		8576A639198FA4BA007D9E83 /* Release */ = {
			isa = XCBuildConfiguration;
			buildSettings = {
				BUNDLE_LOADER = "$(BUILT_PRODUCTS_DIR)/tokyo-last-train-ios.app/tokyo-last-train-ios";
				FRAMEWORK_SEARCH_PATHS = (
					"$(SDKROOT)/Developer/Library/Frameworks",
					"$(inherited)",
				);
				INFOPLIST_FILE = "tokyo-last-train-iosTests/Info.plist";
				LD_RUNPATH_SEARCH_PATHS = "$(inherited) @executable_path/Frameworks @loader_path/Frameworks";
				PRODUCT_NAME = "$(TARGET_NAME)";
				TEST_HOST = "$(BUNDLE_LOADER)";
			};
			name = Release;
		};
/* End XCBuildConfiguration section */

/* Begin XCConfigurationList section */
		8576A613198FA4BA007D9E83 /* Build configuration list for PBXProject "tokyo-last-train-ios" */ = {
			isa = XCConfigurationList;
			buildConfigurations = (
				8576A632198FA4BA007D9E83 /* Debug */,
				8576A633198FA4BA007D9E83 /* Release */,
			);
			defaultConfigurationIsVisible = 0;
			defaultConfigurationName = Release;
		};
		8576A634198FA4BA007D9E83 /* Build configuration list for PBXNativeTarget "tokyo-last-train-ios" */ = {
			isa = XCConfigurationList;
			buildConfigurations = (
				8576A635198FA4BA007D9E83 /* Debug */,
				8576A636198FA4BA007D9E83 /* Release */,
			);
			defaultConfigurationIsVisible = 0;
		};
		8576A637198FA4BA007D9E83 /* Build configuration list for PBXNativeTarget "tokyo-last-train-iosTests" */ = {
			isa = XCConfigurationList;
			buildConfigurations = (
				8576A638198FA4BA007D9E83 /* Debug */,
				8576A639198FA4BA007D9E83 /* Release */,
			);
			defaultConfigurationIsVisible = 0;
		};
/* End XCConfigurationList section */
	};
	rootObject = 8576A610198FA4BA007D9E83 /* Project object */;
}
